
Microsoft Visual Studio Solution File, Format Version 12.00
Project("{FAE04EC0-301F-11D3-BF4B-00C04F79EFBC}") = "TeamTasks.Web", "TeamTasks.Web\TeamTasks.Web.csproj", "{9E7C2B3E-C953-4ABD-8870-4820C88D5E68}"
EndProject
Project("{2150E333-8FDC-42A3-9474-1A3956D46DE8}") = "Core", "Core", "{68BFF13B-505F-44B7-B9F0-36DB19294524}"
EndProject
Project("{2150E333-8FDC-42A3-9474-1A3956D46DE8}") = "Database", "Database", "{82DAAD33-6851-438A-9E08-A1F350AD78D8}"
EndProject
Project("{2150E333-8FDC-42A3-9474-1A3956D46DE8}") = "Microservices", "Microservices", "{8568FF20-0EED-43D1-B73C-F8FA8E02E32F}"
EndProject
Project("{2150E333-8FDC-42A3-9474-1A3956D46DE8}") = "Services", "Services", "{1CF86EA1-D500-4C77-88DC-98BA5337F0A5}"
EndProject
Project("{2150E333-8FDC-42A3-9474-1A3956D46DE8}") = "Web", "Web", "{829A75FD-EBF7-4A11-B17E-4C64EC14CE62}"
EndProject
Project("{2150E333-8FDC-42A3-9474-1A3956D46DE8}") = "Events", "Events", "{46A2A93C-8ABA-40CE-A7E1-B13044CD44A5}"
EndProject
Project("{2150E333-8FDC-42A3-9474-1A3956D46DE8}") = "BackgroundTasks", "BackgroundTasks", "{DDA88AC4-3608-476B-9947-2BDEF3EC47CD}"
EndProject
Project("{FAE04EC0-301F-11D3-BF4B-00C04F79EFBC}") = "TeamTasks.BackgroundTasks", "TeamTasks.BackgroundTasks\TeamTasks.BackgroundTasks.csproj", "{C26836B4-3D65-420B-96AC-FE748BEA7D8E}"
EndProject
Project("{FAE04EC0-301F-11D3-BF4B-00C04F79EFBC}") = "TeamTasks.Application", "TeamTasks.Application\TeamTasks.Application.csproj", "{D17EC40C-A46C-4652-BFC5-474C463D5D35}"
EndProject
Project("{FAE04EC0-301F-11D3-BF4B-00C04F79EFBC}") = "TeamTasks.Contracts", "TeamTasks.Contracts\TeamTasks.Contracts.csproj", "{CEA13A31-255A-4B0A-96E8-8B39E1C7FE1F}"
EndProject
Project("{FAE04EC0-301F-11D3-BF4B-00C04F79EFBC}") = "TeamTasks.Domain", "TeamTasks.Domain\TeamTasks.Domain.csproj", "{2616CC52-0DE4-4FCB-8119-57332D19F8BB}"
EndProject
Project("{FAE04EC0-301F-11D3-BF4B-00C04F79EFBC}") = "TeamTasks.Database.Common", "TeamTasks.Database.Common\TeamTasks.Database.Common.csproj", "{927C1986-B5E5-4444-961D-BD8E25408519}"
EndProject
Project("{FAE04EC0-301F-11D3-BF4B-00C04F79EFBC}") = "TeamTasks.Database.GroupEvent", "TeamTasks.Database.GroupEvent\TeamTasks.Database.GroupEvent.csproj", "{EE05814D-6F3C-477B-8220-191E20F9AFE0}"
EndProject
Project("{FAE04EC0-301F-11D3-BF4B-00C04F79EFBC}") = "TeamTasks.Database.Identity", "TeamTasks.Database.Identity\TeamTasks.Database.Identity.csproj", "{CC62FC13-286C-45F3-BB2E-5F6A39ABBFE5}"
EndProject
Project("{FAE04EC0-301F-11D3-BF4B-00C04F79EFBC}") = "TeamTasks.Database.MetricsAndMessages", "TeamTasks.Database.MetricsAndMessages\TeamTasks.Database.MetricsAndMessages.csproj", "{18034E82-8D26-4B01-A360-F90AA41480FE}"
EndProject
Project("{FAE04EC0-301F-11D3-BF4B-00C04F79EFBC}") = "TeamTasks.Database.Notification", "TeamTasks.Database.Notification\TeamTasks.Database.Notification.csproj", "{8EDDB67D-BCE8-42E6-8E57-1A004D5EC48D}"
EndProject
Project("{FAE04EC0-301F-11D3-BF4B-00C04F79EFBC}") = "TeamTasks.Database.PersonalEvent", "TeamTasks.Database.PersonalEvent\TeamTasks.Database.PersonalEvent.csproj", "{993AC9B4-9526-416D-9E69-777A9B86DD2A}"
EndProject
Project("{FAE04EC0-301F-11D3-BF4B-00C04F79EFBC}") = "TeamTasks.Events.GroupEvent", "TeamTasks.Events.GroupEvent\TeamTasks.Events.GroupEvent.csproj", "{656DD73E-932F-48BE-BD16-D2F6164141CE}"
EndProject
Project("{FAE04EC0-301F-11D3-BF4B-00C04F79EFBC}") = "TeamTasks.Events.PersonalEvent", "TeamTasks.Events.PersonalEvent\TeamTasks.Events.PersonalEvent.csproj", "{09276C64-A85A-4765-B264-69AE4328A048}"
EndProject
Project("{FAE04EC0-301F-11D3-BF4B-00C04F79EFBC}") = "TeamTasks.Cache", "TeamTasks.Cache\TeamTasks.Cache.csproj", "{C8E93C07-1DC3-4FAF-BC99-19D2630B8ACE}"
EndProject
Project("{FAE04EC0-301F-11D3-BF4B-00C04F79EFBC}") = "TeamTasks.QuartZ", "TeamTasks.QuartZ\TeamTasks.QuartZ.csproj", "{DA0492DF-4EEF-4281-80FE-C2FC094D6FF3}"
EndProject
Project("{FAE04EC0-301F-11D3-BF4B-00C04F79EFBC}") = "TeamTasks.RabbitMq", "TeamTasks.RabbitMq\TeamTasks.RabbitMq.csproj", "{60BCC3A4-BE86-4985-AF6D-EFDF1E5B4242}"
EndProject
Project("{FAE04EC0-301F-11D3-BF4B-00C04F79EFBC}") = "TeamTasks.Email", "TeamTasks.Email\TeamTasks.Email.csproj", "{0EBF4FAF-A6DB-4C52-A34E-33AEB6B1B0B0}"
EndProject
Project("{2150E333-8FDC-42A3-9474-1A3956D46DE8}") = "Tests", "Tests", "{59348344-04DF-4FB0-9CA3-C050DEA5B768}"
EndProject
Project("{FAE04EC0-301F-11D3-BF4B-00C04F79EFBC}") = "TeamTasks.Micro.Identity", "TeamTasks.Micro.Identity\TeamTasks.Micro.Identity.csproj", "{5F810801-03C4-4A20-A747-9ABEFAA39880}"
EndProject
Project("{FAE04EC0-301F-11D3-BF4B-00C04F79EFBC}") = "TeamTasks.Micro.TasksAPI", "TeamTasks.Micro.TasksAPI\TeamTasks.Micro.TasksAPI.csproj", "{EAE15A3C-BCB8-460A-953B-B14FB18F085A}"
EndProject
Project("{2150E333-8FDC-42A3-9474-1A3956D46DE8}") = "Solution Items", "Solution Items", "{2EC1A5B0-B38A-41EE-9F3B-6805464D2593}"
	ProjectSection(SolutionItems) = preProject
		docker-compose.yml = docker-compose.yml
		prometheus.yml = prometheus.yml
	EndProjectSection
EndProject
Project("{FAE04EC0-301F-11D3-BF4B-00C04F79EFBC}") = "TeamTasks.Database.Tasks", "TeamTasks.Database.Tasks\TeamTasks.Database.Tasks.csproj", "{4C7D605C-3785-4C39-AFED-D70C4FF80013}"
EndProject
Project("{FAE04EC0-301F-11D3-BF4B-00C04F79EFBC}") = "TeamTasks.Database.Company", "TeamTasks.Database.Company\TeamTasks.Database.Company.csproj", "{5020F84B-31DB-4356-BBF7-FC29B4DF4E6A}"
EndProject
Global
	GlobalSection(SolutionConfigurationPlatforms) = preSolution
		Debug|Any CPU = Debug|Any CPU
		Release|Any CPU = Release|Any CPU
	EndGlobalSection
	GlobalSection(ProjectConfigurationPlatforms) = postSolution
		{9E7C2B3E-C953-4ABD-8870-4820C88D5E68}.Debug|Any CPU.ActiveCfg = Debug|Any CPU
		{9E7C2B3E-C953-4ABD-8870-4820C88D5E68}.Debug|Any CPU.Build.0 = Debug|Any CPU
		{9E7C2B3E-C953-4ABD-8870-4820C88D5E68}.Release|Any CPU.ActiveCfg = Release|Any CPU
		{9E7C2B3E-C953-4ABD-8870-4820C88D5E68}.Release|Any CPU.Build.0 = Release|Any CPU
		{C26836B4-3D65-420B-96AC-FE748BEA7D8E}.Debug|Any CPU.ActiveCfg = Debug|Any CPU
		{C26836B4-3D65-420B-96AC-FE748BEA7D8E}.Debug|Any CPU.Build.0 = Debug|Any CPU
		{C26836B4-3D65-420B-96AC-FE748BEA7D8E}.Release|Any CPU.ActiveCfg = Release|Any CPU
		{C26836B4-3D65-420B-96AC-FE748BEA7D8E}.Release|Any CPU.Build.0 = Release|Any CPU
		{D17EC40C-A46C-4652-BFC5-474C463D5D35}.Debug|Any CPU.ActiveCfg = Debug|Any CPU
		{D17EC40C-A46C-4652-BFC5-474C463D5D35}.Debug|Any CPU.Build.0 = Debug|Any CPU
		{D17EC40C-A46C-4652-BFC5-474C463D5D35}.Release|Any CPU.ActiveCfg = Release|Any CPU
		{D17EC40C-A46C-4652-BFC5-474C463D5D35}.Release|Any CPU.Build.0 = Release|Any CPU
		{CEA13A31-255A-4B0A-96E8-8B39E1C7FE1F}.Debug|Any CPU.ActiveCfg = Debug|Any CPU
		{CEA13A31-255A-4B0A-96E8-8B39E1C7FE1F}.Debug|Any CPU.Build.0 = Debug|Any CPU
		{CEA13A31-255A-4B0A-96E8-8B39E1C7FE1F}.Release|Any CPU.ActiveCfg = Release|Any CPU
		{CEA13A31-255A-4B0A-96E8-8B39E1C7FE1F}.Release|Any CPU.Build.0 = Release|Any CPU
		{2616CC52-0DE4-4FCB-8119-57332D19F8BB}.Debug|Any CPU.ActiveCfg = Debug|Any CPU
		{2616CC52-0DE4-4FCB-8119-57332D19F8BB}.Debug|Any CPU.Build.0 = Debug|Any CPU
		{2616CC52-0DE4-4FCB-8119-57332D19F8BB}.Release|Any CPU.ActiveCfg = Release|Any CPU
		{2616CC52-0DE4-4FCB-8119-57332D19F8BB}.Release|Any CPU.Build.0 = Release|Any CPU
		{927C1986-B5E5-4444-961D-BD8E25408519}.Debug|Any CPU.ActiveCfg = Debug|Any CPU
		{927C1986-B5E5-4444-961D-BD8E25408519}.Debug|Any CPU.Build.0 = Debug|Any CPU
		{927C1986-B5E5-4444-961D-BD8E25408519}.Release|Any CPU.ActiveCfg = Release|Any CPU
		{927C1986-B5E5-4444-961D-BD8E25408519}.Release|Any CPU.Build.0 = Release|Any CPU
		{EE05814D-6F3C-477B-8220-191E20F9AFE0}.Debug|Any CPU.ActiveCfg = Debug|Any CPU
		{EE05814D-6F3C-477B-8220-191E20F9AFE0}.Debug|Any CPU.Build.0 = Debug|Any CPU
		{EE05814D-6F3C-477B-8220-191E20F9AFE0}.Release|Any CPU.ActiveCfg = Release|Any CPU
		{EE05814D-6F3C-477B-8220-191E20F9AFE0}.Release|Any CPU.Build.0 = Release|Any CPU
		{CC62FC13-286C-45F3-BB2E-5F6A39ABBFE5}.Debug|Any CPU.ActiveCfg = Debug|Any CPU
		{CC62FC13-286C-45F3-BB2E-5F6A39ABBFE5}.Debug|Any CPU.Build.0 = Debug|Any CPU
		{CC62FC13-286C-45F3-BB2E-5F6A39ABBFE5}.Release|Any CPU.ActiveCfg = Release|Any CPU
		{CC62FC13-286C-45F3-BB2E-5F6A39ABBFE5}.Release|Any CPU.Build.0 = Release|Any CPU
		{18034E82-8D26-4B01-A360-F90AA41480FE}.Debug|Any CPU.ActiveCfg = Debug|Any CPU
		{18034E82-8D26-4B01-A360-F90AA41480FE}.Debug|Any CPU.Build.0 = Debug|Any CPU
		{18034E82-8D26-4B01-A360-F90AA41480FE}.Release|Any CPU.ActiveCfg = Release|Any CPU
		{18034E82-8D26-4B01-A360-F90AA41480FE}.Release|Any CPU.Build.0 = Release|Any CPU
		{8EDDB67D-BCE8-42E6-8E57-1A004D5EC48D}.Debug|Any CPU.ActiveCfg = Debug|Any CPU
		{8EDDB67D-BCE8-42E6-8E57-1A004D5EC48D}.Debug|Any CPU.Build.0 = Debug|Any CPU
		{8EDDB67D-BCE8-42E6-8E57-1A004D5EC48D}.Release|Any CPU.ActiveCfg = Release|Any CPU
		{8EDDB67D-BCE8-42E6-8E57-1A004D5EC48D}.Release|Any CPU.Build.0 = Release|Any CPU
		{993AC9B4-9526-416D-9E69-777A9B86DD2A}.Debug|Any CPU.ActiveCfg = Debug|Any CPU
		{993AC9B4-9526-416D-9E69-777A9B86DD2A}.Debug|Any CPU.Build.0 = Debug|Any CPU
		{993AC9B4-9526-416D-9E69-777A9B86DD2A}.Release|Any CPU.ActiveCfg = Release|Any CPU
		{993AC9B4-9526-416D-9E69-777A9B86DD2A}.Release|Any CPU.Build.0 = Release|Any CPU
		{656DD73E-932F-48BE-BD16-D2F6164141CE}.Debug|Any CPU.ActiveCfg = Debug|Any CPU
		{656DD73E-932F-48BE-BD16-D2F6164141CE}.Debug|Any CPU.Build.0 = Debug|Any CPU
		{656DD73E-932F-48BE-BD16-D2F6164141CE}.Release|Any CPU.ActiveCfg = Release|Any CPU
		{656DD73E-932F-48BE-BD16-D2F6164141CE}.Release|Any CPU.Build.0 = Release|Any CPU
		{09276C64-A85A-4765-B264-69AE4328A048}.Debug|Any CPU.ActiveCfg = Debug|Any CPU
		{09276C64-A85A-4765-B264-69AE4328A048}.Debug|Any CPU.Build.0 = Debug|Any CPU
		{09276C64-A85A-4765-B264-69AE4328A048}.Release|Any CPU.ActiveCfg = Release|Any CPU
		{09276C64-A85A-4765-B264-69AE4328A048}.Release|Any CPU.Build.0 = Release|Any CPU
		{C8E93C07-1DC3-4FAF-BC99-19D2630B8ACE}.Debug|Any CPU.ActiveCfg = Debug|Any CPU
		{C8E93C07-1DC3-4FAF-BC99-19D2630B8ACE}.Debug|Any CPU.Build.0 = Debug|Any CPU
		{C8E93C07-1DC3-4FAF-BC99-19D2630B8ACE}.Release|Any CPU.ActiveCfg = Release|Any CPU
		{C8E93C07-1DC3-4FAF-BC99-19D2630B8ACE}.Release|Any CPU.Build.0 = Release|Any CPU
		{DA0492DF-4EEF-4281-80FE-C2FC094D6FF3}.Debug|Any CPU.ActiveCfg = Debug|Any CPU
		{DA0492DF-4EEF-4281-80FE-C2FC094D6FF3}.Debug|Any CPU.Build.0 = Debug|Any CPU
		{DA0492DF-4EEF-4281-80FE-C2FC094D6FF3}.Release|Any CPU.ActiveCfg = Release|Any CPU
		{DA0492DF-4EEF-4281-80FE-C2FC094D6FF3}.Release|Any CPU.Build.0 = Release|Any CPU
		{60BCC3A4-BE86-4985-AF6D-EFDF1E5B4242}.Debug|Any CPU.ActiveCfg = Debug|Any CPU
		{60BCC3A4-BE86-4985-AF6D-EFDF1E5B4242}.Debug|Any CPU.Build.0 = Debug|Any CPU
		{60BCC3A4-BE86-4985-AF6D-EFDF1E5B4242}.Release|Any CPU.ActiveCfg = Release|Any CPU
		{60BCC3A4-BE86-4985-AF6D-EFDF1E5B4242}.Release|Any CPU.Build.0 = Release|Any CPU
		{0EBF4FAF-A6DB-4C52-A34E-33AEB6B1B0B0}.Debug|Any CPU.ActiveCfg = Debug|Any CPU
		{0EBF4FAF-A6DB-4C52-A34E-33AEB6B1B0B0}.Debug|Any CPU.Build.0 = Debug|Any CPU
		{0EBF4FAF-A6DB-4C52-A34E-33AEB6B1B0B0}.Release|Any CPU.ActiveCfg = Release|Any CPU
		{0EBF4FAF-A6DB-4C52-A34E-33AEB6B1B0B0}.Release|Any CPU.Build.0 = Release|Any CPU
		{5F810801-03C4-4A20-A747-9ABEFAA39880}.Debug|Any CPU.ActiveCfg = Debug|Any CPU
		{5F810801-03C4-4A20-A747-9ABEFAA39880}.Debug|Any CPU.Build.0 = Debug|Any CPU
		{5F810801-03C4-4A20-A747-9ABEFAA39880}.Release|Any CPU.ActiveCfg = Release|Any CPU
		{5F810801-03C4-4A20-A747-9ABEFAA39880}.Release|Any CPU.Build.0 = Release|Any CPU
		{EAE15A3C-BCB8-460A-953B-B14FB18F085A}.Debug|Any CPU.ActiveCfg = Debug|Any CPU
		{EAE15A3C-BCB8-460A-953B-B14FB18F085A}.Debug|Any CPU.Build.0 = Debug|Any CPU
		{EAE15A3C-BCB8-460A-953B-B14FB18F085A}.Release|Any CPU.ActiveCfg = Release|Any CPU
		{EAE15A3C-BCB8-460A-953B-B14FB18F085A}.Release|Any CPU.Build.0 = Release|Any CPU
		{4C7D605C-3785-4C39-AFED-D70C4FF80013}.Debug|Any CPU.ActiveCfg = Debug|Any CPU
		{4C7D605C-3785-4C39-AFED-D70C4FF80013}.Debug|Any CPU.Build.0 = Debug|Any CPU
		{4C7D605C-3785-4C39-AFED-D70C4FF80013}.Release|Any CPU.ActiveCfg = Release|Any CPU
		{4C7D605C-3785-4C39-AFED-D70C4FF80013}.Release|Any CPU.Build.0 = Release|Any CPU
		{5020F84B-31DB-4356-BBF7-FC29B4DF4E6A}.Debug|Any CPU.ActiveCfg = Debug|Any CPU
		{5020F84B-31DB-4356-BBF7-FC29B4DF4E6A}.Debug|Any CPU.Build.0 = Debug|Any CPU
		{5020F84B-31DB-4356-BBF7-FC29B4DF4E6A}.Release|Any CPU.ActiveCfg = Release|Any CPU
		{5020F84B-31DB-4356-BBF7-FC29B4DF4E6A}.Release|Any CPU.Build.0 = Release|Any CPU
	EndGlobalSection
	GlobalSection(NestedProjects) = preSolution
		{9E7C2B3E-C953-4ABD-8870-4820C88D5E68} = {829A75FD-EBF7-4A11-B17E-4C64EC14CE62}
		{C26836B4-3D65-420B-96AC-FE748BEA7D8E} = {DDA88AC4-3608-476B-9947-2BDEF3EC47CD}
		{D17EC40C-A46C-4652-BFC5-474C463D5D35} = {68BFF13B-505F-44B7-B9F0-36DB19294524}
		{CEA13A31-255A-4B0A-96E8-8B39E1C7FE1F} = {68BFF13B-505F-44B7-B9F0-36DB19294524}
		{2616CC52-0DE4-4FCB-8119-57332D19F8BB} = {68BFF13B-505F-44B7-B9F0-36DB19294524}
		{927C1986-B5E5-4444-961D-BD8E25408519} = {82DAAD33-6851-438A-9E08-A1F350AD78D8}
		{EE05814D-6F3C-477B-8220-191E20F9AFE0} = {82DAAD33-6851-438A-9E08-A1F350AD78D8}
		{CC62FC13-286C-45F3-BB2E-5F6A39ABBFE5} = {82DAAD33-6851-438A-9E08-A1F350AD78D8}
		{18034E82-8D26-4B01-A360-F90AA41480FE} = {82DAAD33-6851-438A-9E08-A1F350AD78D8}
		{8EDDB67D-BCE8-42E6-8E57-1A004D5EC48D} = {82DAAD33-6851-438A-9E08-A1F350AD78D8}
		{993AC9B4-9526-416D-9E69-777A9B86DD2A} = {82DAAD33-6851-438A-9E08-A1F350AD78D8}
		{656DD73E-932F-48BE-BD16-D2F6164141CE} = {46A2A93C-8ABA-40CE-A7E1-B13044CD44A5}
		{09276C64-A85A-4765-B264-69AE4328A048} = {46A2A93C-8ABA-40CE-A7E1-B13044CD44A5}
		{C8E93C07-1DC3-4FAF-BC99-19D2630B8ACE} = {1CF86EA1-D500-4C77-88DC-98BA5337F0A5}
		{DA0492DF-4EEF-4281-80FE-C2FC094D6FF3} = {1CF86EA1-D500-4C77-88DC-98BA5337F0A5}
		{60BCC3A4-BE86-4985-AF6D-EFDF1E5B4242} = {1CF86EA1-D500-4C77-88DC-98BA5337F0A5}
		{0EBF4FAF-A6DB-4C52-A34E-33AEB6B1B0B0} = {1CF86EA1-D500-4C77-88DC-98BA5337F0A5}
		{5F810801-03C4-4A20-A747-9ABEFAA39880} = {8568FF20-0EED-43D1-B73C-F8FA8E02E32F}
		{EAE15A3C-BCB8-460A-953B-B14FB18F085A} = {8568FF20-0EED-43D1-B73C-F8FA8E02E32F}
		{4C7D605C-3785-4C39-AFED-D70C4FF80013} = {82DAAD33-6851-438A-9E08-A1F350AD78D8}
		{5020F84B-31DB-4356-BBF7-FC29B4DF4E6A} = {82DAAD33-6851-438A-9E08-A1F350AD78D8}
	EndGlobalSection
EndGlobal
